
Microsoft Visual Studio Solution File, Format Version 12.00
# Visual Studio 2013
VisualStudioVersion = 12.0.21005.1
MinimumVisualStudioVersion = 10.0.40219.1
Project("{FAE04EC0-301F-11D3-BF4B-00C04F79EFBC}") = "ReadDBDetail", "ReadDBDetail\ReadDBDetail.csproj", "{15E609F7-F93C-4C0C-BABB-6C973952D05D}"
EndProject
Project("{FAE04EC0-301F-11D3-BF4B-00C04F79EFBC}") = "ReadDBConsole", "ReadDBConsole\ReadDBConsole.csproj", "{28785935-8506-4771-AFE6-2E21870C148F}"
EndProject
Project("{FAE04EC0-301F-11D3-BF4B-00C04F79EFBC}") = "readDBWin", "readDBWin\readDBWin.csproj", "{53AC7FFE-1E53-4D8A-AFAD-EB13D4A2C399}"
EndProject
Global
	GlobalSection(SolutionConfigurationPlatforms) = preSolution
		Debug|Any CPU = Debug|Any CPU
		Release|Any CPU = Release|Any CPU
	EndGlobalSection
	GlobalSection(ProjectConfigurationPlatforms) = postSolution
		{15E609F7-F93C-4C0C-BABB-6C973952D05D}.Debug|Any CPU.ActiveCfg = Debug|Any CPU
		{15E609F7-F93C-4C0C-BABB-6C973952D05D}.Debug|Any CPU.Build.0 = Debug|Any CPU
		{15E609F7-F93C-4C0C-BABB-6C973952D05D}.Release|Any CPU.ActiveCfg = Release|Any CPU
		{15E609F7-F93C-4C0C-BABB-6C973952D05D}.Release|Any CPU.Build.0 = Release|Any CPU
		{28785935-8506-4771-AFE6-2E21870C148F}.Debug|Any CPU.ActiveCfg = Debug|Any CPU
		{28785935-8506-4771-AFE6-2E21870C148F}.Debug|Any CPU.Build.0 = Debug|Any CPU
		{28785935-8506-4771-AFE6-2E21870C148F}.Release|Any CPU.ActiveCfg = Release|Any CPU
		{28785935-8506-4771-AFE6-2E21870C148F}.Release|Any CPU.Build.0 = Release|Any CPU
		{53AC7FFE-1E53-4D8A-AFAD-EB13D4A2C399}.Debug|Any CPU.ActiveCfg = Debug|Any CPU
		{53AC7FFE-1E53-4D8A-AFAD-EB13D4A2C399}.Debug|Any CPU.Build.0 = Debug|Any CPU
		{53AC7FFE-1E53-4D8A-AFAD-EB13D4A2C399}.Release|Any CPU.ActiveCfg = Release|Any CPU
		{53AC7FFE-1E53-4D8A-AFAD-EB13D4A2C399}.Release|Any CPU.Build.0 = Release|Any CPU
	EndGlobalSection
	GlobalSection(SolutionProperties) = preSolution
		HideSolutionNode = FALSE
	EndGlobalSection
EndGlobal
